
Microsoft Visual Studio Solution File, Format Version 12.00
# Visual Studio Version 17
VisualStudioVersion = 17.0.31717.71
MinimumVisualStudioVersion = 10.0.40219.1
Project("{9A19103F-16F7-4668-BE54-9A1E7A4F7556}") = "yamltreeviewer", "src\front\yamltreeviewer.csproj", "{42A1444D-D1FA-4974-8619-8F91DC93542F}"
EndProject
Project("{9A19103F-16F7-4668-BE54-9A1E7A4F7556}") = "AzurePipelineParser", "src\AzurePipelineParser\AzurePipelineParser.csproj", "{82F8F659-5A3D-450D-888F-2BA179C5E77D}"
EndProject
Global
	GlobalSection(SolutionConfigurationPlatforms) = preSolution
		Debug|Any CPU = Debug|Any CPU
		Release|Any CPU = Release|Any CPU
	EndGlobalSection
	GlobalSection(ProjectConfigurationPlatforms) = postSolution
		{42A1444D-D1FA-4974-8619-8F91DC93542F}.Debug|Any CPU.ActiveCfg = Debug|Any CPU
		{42A1444D-D1FA-4974-8619-8F91DC93542F}.Debug|Any CPU.Build.0 = Debug|Any CPU
		{42A1444D-D1FA-4974-8619-8F91DC93542F}.Release|Any CPU.ActiveCfg = Release|Any CPU
		{42A1444D-D1FA-4974-8619-8F91DC93542F}.Release|Any CPU.Build.0 = Release|Any CPU
		{82F8F659-5A3D-450D-888F-2BA179C5E77D}.Debug|Any CPU.ActiveCfg = Debug|Any CPU
		{82F8F659-5A3D-450D-888F-2BA179C5E77D}.Debug|Any CPU.Build.0 = Debug|Any CPU
		{82F8F659-5A3D-450D-888F-2BA179C5E77D}.Release|Any CPU.ActiveCfg = Release|Any CPU
		{82F8F659-5A3D-450D-888F-2BA179C5E77D}.Release|Any CPU.Build.0 = Release|Any CPU
	EndGlobalSection
	GlobalSection(SolutionProperties) = preSolution
		HideSolutionNode = FALSE
	EndGlobalSection
	GlobalSection(ExtensibilityGlobals) = postSolution
		SolutionGuid = {39303795-8050-41AA-8288-06F6E80BBC53}
	EndGlobalSection
EndGlobal
